
Microsoft Visual Studio Solution File, Format Version 12.00
# Visual Studio Version 16
VisualStudioVersion = 16.0.31515.178
MinimumVisualStudioVersion = 10.0.40219.1
Project("{FAE04EC0-301F-11D3-BF4B-00C04F79EFBC}") = "QuotesApi", "QuotesApi\QuotesApi.csproj", "{A41652C0-786B-4109-9A44-13C4425CA4CB}"
EndProject
Global
	GlobalSection(SolutionConfigurationPlatforms) = preSolution
		Debug|Any CPU = Debug|Any CPU
		Release|Any CPU = Release|Any CPU
	EndGlobalSection
	GlobalSection(ProjectConfigurationPlatforms) = postSolution
		{A41652C0-786B-4109-9A44-13C4425CA4CB}.Debug|Any CPU.ActiveCfg = Debug|Any CPU
		{A41652C0-786B-4109-9A44-13C4425CA4CB}.Debug|Any CPU.Build.0 = Debug|Any CPU
		{A41652C0-786B-4109-9A44-13C4425CA4CB}.Release|Any CPU.ActiveCfg = Release|Any CPU
		{A41652C0-786B-4109-9A44-13C4425CA4CB}.Release|Any CPU.Build.0 = Release|Any CPU
	EndGlobalSection
	GlobalSection(SolutionProperties) = preSolution
		HideSolutionNode = FALSE
	EndGlobalSection
	GlobalSection(ExtensibilityGlobals) = postSolution
		SolutionGuid = {2C271B9F-B53A-4FC6-9C18-445605214A68}
	EndGlobalSection
EndGlobal
